
Microsoft Visual Studio Solution File, Format Version 12.00
# Visual Studio Version 16
VisualStudioVersion = 16.0.30907.101
MinimumVisualStudioVersion = 10.0.40219.1
Project("{FAE04EC0-301F-11D3-BF4B-00C04F79EFBC}") = "MarsRover.Tests", "MarsRover.Tests\MarsRover.Tests.csproj", "{CDA89632-B217-4F39-8DEB-3C8B4E24A7FE}"
EndProject
Project("{FAE04EC0-301F-11D3-BF4B-00C04F79EFBC}") = "MarsRover", "MarsRover\MarsRover.csproj", "{29C9A333-FC36-499F-A87C-332DB6D07BD2}"
EndProject
Global
	GlobalSection(SolutionConfigurationPlatforms) = preSolution
		Debug|Any CPU = Debug|Any CPU
		Release|Any CPU = Release|Any CPU
	EndGlobalSection
	GlobalSection(ProjectConfigurationPlatforms) = postSolution
		{CDA89632-B217-4F39-8DEB-3C8B4E24A7FE}.Debug|Any CPU.ActiveCfg = Debug|Any CPU
		{CDA89632-B217-4F39-8DEB-3C8B4E24A7FE}.Debug|Any CPU.Build.0 = Debug|Any CPU
		{CDA89632-B217-4F39-8DEB-3C8B4E24A7FE}.Release|Any CPU.ActiveCfg = Release|Any CPU
		{CDA89632-B217-4F39-8DEB-3C8B4E24A7FE}.Release|Any CPU.Build.0 = Release|Any CPU
		{29C9A333-FC36-499F-A87C-332DB6D07BD2}.Debug|Any CPU.ActiveCfg = Debug|Any CPU
		{29C9A333-FC36-499F-A87C-332DB6D07BD2}.Debug|Any CPU.Build.0 = Debug|Any CPU
		{29C9A333-FC36-499F-A87C-332DB6D07BD2}.Release|Any CPU.ActiveCfg = Release|Any CPU
		{29C9A333-FC36-499F-A87C-332DB6D07BD2}.Release|Any CPU.Build.0 = Release|Any CPU
	EndGlobalSection
	GlobalSection(SolutionProperties) = preSolution
		HideSolutionNode = FALSE
	EndGlobalSection
	GlobalSection(ExtensibilityGlobals) = postSolution
		SolutionGuid = {181F2123-2C68-43B0-AA79-8A918C9E311A}
	EndGlobalSection
EndGlobal
