
Microsoft Visual Studio Solution File, Format Version 12.00
# Visual Studio 15
VisualStudioVersion = 15.0.28010.2050
MinimumVisualStudioVersion = 10.0.40219.1
Project("{9A19103F-16F7-4668-BE54-9A1E7A4F7556}") = "Game", "Game\Game.csproj", "{FBE3E443-C35A-4330-99C6-8D5E5BB5E3B2}"
EndProject
Project("{FAE04EC0-301F-11D3-BF4B-00C04F79EFBC}") = "Game.UnitTest", "Game.UnitTest\Game.UnitTest.csproj", "{EBE42759-631C-4B84-8B5F-606D530081B9}"
EndProject
Global
	GlobalSection(SolutionConfigurationPlatforms) = preSolution
		Debug|Any CPU = Debug|Any CPU
		Release|Any CPU = Release|Any CPU
	EndGlobalSection
	GlobalSection(ProjectConfigurationPlatforms) = postSolution
		{FBE3E443-C35A-4330-99C6-8D5E5BB5E3B2}.Debug|Any CPU.ActiveCfg = Debug|Any CPU
		{FBE3E443-C35A-4330-99C6-8D5E5BB5E3B2}.Debug|Any CPU.Build.0 = Debug|Any CPU
		{FBE3E443-C35A-4330-99C6-8D5E5BB5E3B2}.Release|Any CPU.ActiveCfg = Release|Any CPU
		{FBE3E443-C35A-4330-99C6-8D5E5BB5E3B2}.Release|Any CPU.Build.0 = Release|Any CPU
		{EBE42759-631C-4B84-8B5F-606D530081B9}.Debug|Any CPU.ActiveCfg = Debug|Any CPU
		{EBE42759-631C-4B84-8B5F-606D530081B9}.Debug|Any CPU.Build.0 = Debug|Any CPU
		{EBE42759-631C-4B84-8B5F-606D530081B9}.Release|Any CPU.ActiveCfg = Release|Any CPU
		{EBE42759-631C-4B84-8B5F-606D530081B9}.Release|Any CPU.Build.0 = Release|Any CPU
	EndGlobalSection
	GlobalSection(SolutionProperties) = preSolution
		HideSolutionNode = FALSE
	EndGlobalSection
	GlobalSection(ExtensibilityGlobals) = postSolution
		SolutionGuid = {65ABAB69-8975-49FB-B53B-CBADF92139E8}
	EndGlobalSection
EndGlobal
