
Microsoft Visual Studio Solution File, Format Version 12.00
# Visual Studio Version 16
VisualStudioVersion = 16.0.29409.12
MinimumVisualStudioVersion = 10.0.40219.1
Project("{FAE04EC0-301F-11D3-BF4B-00C04F79EFBC}") = "InstrumentProcessor", "InstrumentProcessor\InstrumentProcessor.csproj", "{1812E6B1-C2D2-449B-903B-789A96919F4B}"
EndProject
Project("{FAE04EC0-301F-11D3-BF4B-00C04F79EFBC}") = "InstrumentProcessor.Tests", "InstrumentProcessor.Tests\InstrumentProcessor.Tests.csproj", "{D247B1F4-E8CA-4CAC-846D-0C94DB25E6C3}"
EndProject
Global
	GlobalSection(SolutionConfigurationPlatforms) = preSolution
		Debug|Any CPU = Debug|Any CPU
		Release|Any CPU = Release|Any CPU
	EndGlobalSection
	GlobalSection(ProjectConfigurationPlatforms) = postSolution
		{1812E6B1-C2D2-449B-903B-789A96919F4B}.Debug|Any CPU.ActiveCfg = Debug|Any CPU
		{1812E6B1-C2D2-449B-903B-789A96919F4B}.Debug|Any CPU.Build.0 = Debug|Any CPU
		{1812E6B1-C2D2-449B-903B-789A96919F4B}.Release|Any CPU.ActiveCfg = Release|Any CPU
		{1812E6B1-C2D2-449B-903B-789A96919F4B}.Release|Any CPU.Build.0 = Release|Any CPU
		{D247B1F4-E8CA-4CAC-846D-0C94DB25E6C3}.Debug|Any CPU.ActiveCfg = Debug|Any CPU
		{D247B1F4-E8CA-4CAC-846D-0C94DB25E6C3}.Debug|Any CPU.Build.0 = Debug|Any CPU
		{D247B1F4-E8CA-4CAC-846D-0C94DB25E6C3}.Release|Any CPU.ActiveCfg = Release|Any CPU
		{D247B1F4-E8CA-4CAC-846D-0C94DB25E6C3}.Release|Any CPU.Build.0 = Release|Any CPU
	EndGlobalSection
	GlobalSection(SolutionProperties) = preSolution
		HideSolutionNode = FALSE
	EndGlobalSection
	GlobalSection(ExtensibilityGlobals) = postSolution
		SolutionGuid = {2875ED38-D2FF-40E7-8A11-FCC8FE0BDD5B}
	EndGlobalSection
EndGlobal
